
Microsoft Visual Studio Solution File, Format Version 12.00
# Visual Studio Version 16
VisualStudioVersion = 16.0.31205.134
MinimumVisualStudioVersion = 10.0.40219.1
Project("{FAE04EC0-301F-11D3-BF4B-00C04F79EFBC}") = "WpfApp6", "WpfApp6\WpfApp6.csproj", "{869E5243-8ED6-4645-AC19-8596DA61409B}"
EndProject
Global
	GlobalSection(SolutionConfigurationPlatforms) = preSolution
		Debug|Any CPU = Debug|Any CPU
		Release|Any CPU = Release|Any CPU
	EndGlobalSection
	GlobalSection(ProjectConfigurationPlatforms) = postSolution
		{869E5243-8ED6-4645-AC19-8596DA61409B}.Debug|Any CPU.ActiveCfg = Debug|Any CPU
		{869E5243-8ED6-4645-AC19-8596DA61409B}.Debug|Any CPU.Build.0 = Debug|Any CPU
		{869E5243-8ED6-4645-AC19-8596DA61409B}.Release|Any CPU.ActiveCfg = Release|Any CPU
		{869E5243-8ED6-4645-AC19-8596DA61409B}.Release|Any CPU.Build.0 = Release|Any CPU
	EndGlobalSection
	GlobalSection(SolutionProperties) = preSolution
		HideSolutionNode = FALSE
	EndGlobalSection
	GlobalSection(ExtensibilityGlobals) = postSolution
		SolutionGuid = {5A1FD3D2-EBB7-4B41-A1B5-B10F1FB69CBE}
	EndGlobalSection
EndGlobal
